
Microsoft Visual Studio Solution File, Format Version 12.00
# Visual Studio Version 18
VisualStudioVersion = 18.3.11520.95
MinimumVisualStudioVersion = 10.0.40219.1
Project("{2150E333-8FDC-42A3-9474-1A3956D46DE8}") = "src", "src", "{02EA681E-C7D8-13C7-8484-4AC65E1B71E8}"
EndProject
Project("{2150E333-8FDC-42A3-9474-1A3956D46DE8}") = "Persistence", "Persistence", "{B8CE2325-FEDF-4E98-A36F-75A895F6895F}"
EndProject
Project("{FAE04EC0-301F-11D3-BF4B-00C04F79EFBC}") = "Playbook.Persistence.MongoDB", "src\Persistence\Playbook.Persistence.MongoDB\Playbook.Persistence.MongoDB.csproj", "{4031D89B-E297-425E-9BF0-2173A303C72D}"
EndProject
Project("{FAE04EC0-301F-11D3-BF4B-00C04F79EFBC}") = "Playbook.Persistence.EntityFramework", "src\Persistence\Playbook.Persistence.EntityFramework\Playbook.Persistence.EntityFramework.csproj", "{FA296D00-3A6E-4566-B08D-96F47CF86FAF}"
EndProject
Project("{FAE04EC0-301F-11D3-BF4B-00C04F79EFBC}") = "Playbook.Persistence.ElasticSearch", "src\Persistence\Playbook.Persistence.ElasticSearch\Playbook.Persistence.ElasticSearch.csproj", "{64633D2F-0A50-4CF8-8C66-8D1EFFEB3781}"
EndProject
Project("{FAE04EC0-301F-11D3-BF4B-00C04F79EFBC}") = "Playbook.Persistence.Redis", "src\Persistence\Playbook.Persistence.Redis\Playbook.Persistence.Redis.csproj", "{025CB2A8-FA72-4F5E-AE61-8E2DF52DE0CF}"
EndProject
Project("{2150E333-8FDC-42A3-9474-1A3956D46DE8}") = "Infrastructure", "Infrastructure", "{117F0BAC-D4AD-4D3E-A47F-41B4BEB80295}"
EndProject
Project("{FAE04EC0-301F-11D3-BF4B-00C04F79EFBC}") = "Playbook.Exceptions", "src\Infrastructure\Playbook.Exceptions\Playbook.Exceptions.csproj", "{A411362E-2D9E-48FD-99BD-699B0B7E4231}"
EndProject
Project("{FAE04EC0-301F-11D3-BF4B-00C04F79EFBC}") = "Playbook.Architecture.CQRS", "src\Infrastructure\Playbook.Architecture.CQRS\Playbook.Architecture.CQRS.csproj", "{4FE07CA5-BF13-427E-A5D2-3AAE31144774}"
EndProject
Project("{2150E333-8FDC-42A3-9474-1A3956D46DE8}") = "Messaging", "Messaging", "{D5F16108-D25F-4E89-8EE2-D148134F1CFC}"
EndProject
Project("{FAE04EC0-301F-11D3-BF4B-00C04F79EFBC}") = "Playbook.Messaging.SignalR", "src\Messaging\Playbook.Messaging.SignalR\Playbook.Messaging.SignalR.csproj", "{56D0DF41-F6AF-485D-A8A6-A0DDC10F0474}"
EndProject
Project("{FAE04EC0-301F-11D3-BF4B-00C04F79EFBC}") = "Playbook.Messaging.RabbitMQ", "src\Messaging\Playbook.Messaging.RabbitMQ\Playbook.Messaging.RabbitMQ.csproj", "{B73BC22A-F556-45FA-97E1-120F3177F616}"
EndProject
Project("{FAE04EC0-301F-11D3-BF4B-00C04F79EFBC}") = "Playbook.Messaging.MassTransit.Saga", "src\Messaging\Playbook.Messaging.MassTransit.Saga\Playbook.Messaging.MassTransit.Saga.csproj", "{CEBBCBC4-1DCE-448B-B7C0-88A189C1D496}"
EndProject
Project("{FAE04EC0-301F-11D3-BF4B-00C04F79EFBC}") = "Playbook.Messaging.MassTransit.Courier", "src\Messaging\Playbook.Messaging.MassTransit.Courier\Playbook.Messaging.MassTransit.Courier.csproj", "{51DC47D0-4B18-4023-8044-897B6CABFA04}"
EndProject
Project("{FAE04EC0-301F-11D3-BF4B-00C04F79EFBC}") = "Playbook.Persistence.Meilisearch", "src\Persistence\Playbook.Persistence.Meilisearch\Playbook.Persistence.Meilisearch.csproj", "{8137A451-AD7F-40EC-AA15-828DE2460869}"
EndProject
Project("{FAE04EC0-301F-11D3-BF4B-00C04F79EFBC}") = "Playbook.Persistence.HybridCaching", "src\Persistence\Playbook.Persistence.HybridCaching\Playbook.Persistence.HybridCaching.csproj", "{355635A1-C270-43B8-9344-A1CE0C7641B3}"
EndProject
Project("{2150E333-8FDC-42A3-9474-1A3956D46DE8}") = "API", "API", "{A45E8E15-7EEB-47BB-B64E-E3D5189999E3}"
EndProject
Project("{FAE04EC0-301F-11D3-BF4B-00C04F79EFBC}") = "Playbook.API.GraphQL", "src\API\Playbook.API.GraphQL\Playbook.API.GraphQL.csproj", "{992C1FAE-2838-4D3F-9467-AA75261D9741}"
EndProject
Global
	GlobalSection(SolutionConfigurationPlatforms) = preSolution
		Debug|Any CPU = Debug|Any CPU
		Release|Any CPU = Release|Any CPU
	EndGlobalSection
	GlobalSection(ProjectConfigurationPlatforms) = postSolution
		{4031D89B-E297-425E-9BF0-2173A303C72D}.Debug|Any CPU.ActiveCfg = Debug|Any CPU
		{4031D89B-E297-425E-9BF0-2173A303C72D}.Debug|Any CPU.Build.0 = Debug|Any CPU
		{4031D89B-E297-425E-9BF0-2173A303C72D}.Release|Any CPU.ActiveCfg = Release|Any CPU
		{4031D89B-E297-425E-9BF0-2173A303C72D}.Release|Any CPU.Build.0 = Release|Any CPU
		{FA296D00-3A6E-4566-B08D-96F47CF86FAF}.Debug|Any CPU.ActiveCfg = Debug|Any CPU
		{FA296D00-3A6E-4566-B08D-96F47CF86FAF}.Debug|Any CPU.Build.0 = Debug|Any CPU
		{FA296D00-3A6E-4566-B08D-96F47CF86FAF}.Release|Any CPU.ActiveCfg = Release|Any CPU
		{FA296D00-3A6E-4566-B08D-96F47CF86FAF}.Release|Any CPU.Build.0 = Release|Any CPU
		{64633D2F-0A50-4CF8-8C66-8D1EFFEB3781}.Debug|Any CPU.ActiveCfg = Debug|Any CPU
		{64633D2F-0A50-4CF8-8C66-8D1EFFEB3781}.Debug|Any CPU.Build.0 = Debug|Any CPU
		{64633D2F-0A50-4CF8-8C66-8D1EFFEB3781}.Release|Any CPU.ActiveCfg = Release|Any CPU
		{64633D2F-0A50-4CF8-8C66-8D1EFFEB3781}.Release|Any CPU.Build.0 = Release|Any CPU
		{025CB2A8-FA72-4F5E-AE61-8E2DF52DE0CF}.Debug|Any CPU.ActiveCfg = Debug|Any CPU
		{025CB2A8-FA72-4F5E-AE61-8E2DF52DE0CF}.Debug|Any CPU.Build.0 = Debug|Any CPU
		{025CB2A8-FA72-4F5E-AE61-8E2DF52DE0CF}.Release|Any CPU.ActiveCfg = Release|Any CPU
		{025CB2A8-FA72-4F5E-AE61-8E2DF52DE0CF}.Release|Any CPU.Build.0 = Release|Any CPU
		{A411362E-2D9E-48FD-99BD-699B0B7E4231}.Debug|Any CPU.ActiveCfg = Debug|Any CPU
		{A411362E-2D9E-48FD-99BD-699B0B7E4231}.Debug|Any CPU.Build.0 = Debug|Any CPU
		{A411362E-2D9E-48FD-99BD-699B0B7E4231}.Release|Any CPU.ActiveCfg = Release|Any CPU
		{A411362E-2D9E-48FD-99BD-699B0B7E4231}.Release|Any CPU.Build.0 = Release|Any CPU
		{4FE07CA5-BF13-427E-A5D2-3AAE31144774}.Debug|Any CPU.ActiveCfg = Debug|Any CPU
		{4FE07CA5-BF13-427E-A5D2-3AAE31144774}.Debug|Any CPU.Build.0 = Debug|Any CPU
		{4FE07CA5-BF13-427E-A5D2-3AAE31144774}.Release|Any CPU.ActiveCfg = Release|Any CPU
		{4FE07CA5-BF13-427E-A5D2-3AAE31144774}.Release|Any CPU.Build.0 = Release|Any CPU
		{56D0DF41-F6AF-485D-A8A6-A0DDC10F0474}.Debug|Any CPU.ActiveCfg = Debug|Any CPU
		{56D0DF41-F6AF-485D-A8A6-A0DDC10F0474}.Debug|Any CPU.Build.0 = Debug|Any CPU
		{56D0DF41-F6AF-485D-A8A6-A0DDC10F0474}.Release|Any CPU.ActiveCfg = Release|Any CPU
		{56D0DF41-F6AF-485D-A8A6-A0DDC10F0474}.Release|Any CPU.Build.0 = Release|Any CPU
		{B73BC22A-F556-45FA-97E1-120F3177F616}.Debug|Any CPU.ActiveCfg = Debug|Any CPU
		{B73BC22A-F556-45FA-97E1-120F3177F616}.Debug|Any CPU.Build.0 = Debug|Any CPU
		{B73BC22A-F556-45FA-97E1-120F3177F616}.Release|Any CPU.ActiveCfg = Release|Any CPU
		{B73BC22A-F556-45FA-97E1-120F3177F616}.Release|Any CPU.Build.0 = Release|Any CPU
		{CEBBCBC4-1DCE-448B-B7C0-88A189C1D496}.Debug|Any CPU.ActiveCfg = Debug|Any CPU
		{CEBBCBC4-1DCE-448B-B7C0-88A189C1D496}.Debug|Any CPU.Build.0 = Debug|Any CPU
		{CEBBCBC4-1DCE-448B-B7C0-88A189C1D496}.Release|Any CPU.ActiveCfg = Release|Any CPU
		{CEBBCBC4-1DCE-448B-B7C0-88A189C1D496}.Release|Any CPU.Build.0 = Release|Any CPU
		{51DC47D0-4B18-4023-8044-897B6CABFA04}.Debug|Any CPU.ActiveCfg = Debug|Any CPU
		{51DC47D0-4B18-4023-8044-897B6CABFA04}.Debug|Any CPU.Build.0 = Debug|Any CPU
		{51DC47D0-4B18-4023-8044-897B6CABFA04}.Release|Any CPU.ActiveCfg = Release|Any CPU
		{51DC47D0-4B18-4023-8044-897B6CABFA04}.Release|Any CPU.Build.0 = Release|Any CPU
		{8137A451-AD7F-40EC-AA15-828DE2460869}.Debug|Any CPU.ActiveCfg = Debug|Any CPU
		{8137A451-AD7F-40EC-AA15-828DE2460869}.Debug|Any CPU.Build.0 = Debug|Any CPU
		{8137A451-AD7F-40EC-AA15-828DE2460869}.Release|Any CPU.ActiveCfg = Release|Any CPU
		{8137A451-AD7F-40EC-AA15-828DE2460869}.Release|Any CPU.Build.0 = Release|Any CPU
		{355635A1-C270-43B8-9344-A1CE0C7641B3}.Debug|Any CPU.ActiveCfg = Debug|Any CPU
		{355635A1-C270-43B8-9344-A1CE0C7641B3}.Debug|Any CPU.Build.0 = Debug|Any CPU
		{355635A1-C270-43B8-9344-A1CE0C7641B3}.Release|Any CPU.ActiveCfg = Release|Any CPU
		{355635A1-C270-43B8-9344-A1CE0C7641B3}.Release|Any CPU.Build.0 = Release|Any CPU
		{992C1FAE-2838-4D3F-9467-AA75261D9741}.Debug|Any CPU.ActiveCfg = Debug|Any CPU
		{992C1FAE-2838-4D3F-9467-AA75261D9741}.Debug|Any CPU.Build.0 = Debug|Any CPU
		{992C1FAE-2838-4D3F-9467-AA75261D9741}.Release|Any CPU.ActiveCfg = Release|Any CPU
		{992C1FAE-2838-4D3F-9467-AA75261D9741}.Release|Any CPU.Build.0 = Release|Any CPU
	EndGlobalSection
	GlobalSection(SolutionProperties) = preSolution
		HideSolutionNode = FALSE
	EndGlobalSection
	GlobalSection(NestedProjects) = preSolution
		{B8CE2325-FEDF-4E98-A36F-75A895F6895F} = {02EA681E-C7D8-13C7-8484-4AC65E1B71E8}
		{4031D89B-E297-425E-9BF0-2173A303C72D} = {B8CE2325-FEDF-4E98-A36F-75A895F6895F}
		{FA296D00-3A6E-4566-B08D-96F47CF86FAF} = {B8CE2325-FEDF-4E98-A36F-75A895F6895F}
		{64633D2F-0A50-4CF8-8C66-8D1EFFEB3781} = {B8CE2325-FEDF-4E98-A36F-75A895F6895F}
		{025CB2A8-FA72-4F5E-AE61-8E2DF52DE0CF} = {B8CE2325-FEDF-4E98-A36F-75A895F6895F}
		{117F0BAC-D4AD-4D3E-A47F-41B4BEB80295} = {02EA681E-C7D8-13C7-8484-4AC65E1B71E8}
		{A411362E-2D9E-48FD-99BD-699B0B7E4231} = {117F0BAC-D4AD-4D3E-A47F-41B4BEB80295}
		{4FE07CA5-BF13-427E-A5D2-3AAE31144774} = {117F0BAC-D4AD-4D3E-A47F-41B4BEB80295}
		{D5F16108-D25F-4E89-8EE2-D148134F1CFC} = {02EA681E-C7D8-13C7-8484-4AC65E1B71E8}
		{56D0DF41-F6AF-485D-A8A6-A0DDC10F0474} = {D5F16108-D25F-4E89-8EE2-D148134F1CFC}
		{B73BC22A-F556-45FA-97E1-120F3177F616} = {D5F16108-D25F-4E89-8EE2-D148134F1CFC}
		{CEBBCBC4-1DCE-448B-B7C0-88A189C1D496} = {D5F16108-D25F-4E89-8EE2-D148134F1CFC}
		{51DC47D0-4B18-4023-8044-897B6CABFA04} = {D5F16108-D25F-4E89-8EE2-D148134F1CFC}
		{8137A451-AD7F-40EC-AA15-828DE2460869} = {B8CE2325-FEDF-4E98-A36F-75A895F6895F}
		{355635A1-C270-43B8-9344-A1CE0C7641B3} = {B8CE2325-FEDF-4E98-A36F-75A895F6895F}
		{A45E8E15-7EEB-47BB-B64E-E3D5189999E3} = {02EA681E-C7D8-13C7-8484-4AC65E1B71E8}
		{992C1FAE-2838-4D3F-9467-AA75261D9741} = {A45E8E15-7EEB-47BB-B64E-E3D5189999E3}
	EndGlobalSection
	GlobalSection(ExtensibilityGlobals) = postSolution
		SolutionGuid = {EA232F1A-641A-407A-B4CE-E71BB7CF7D6B}
	EndGlobalSection
EndGlobal
